
Microsoft Visual Studio Solution File, Format Version 12.00
# Visual Studio Version 16
VisualStudioVersion = 16.0.29418.71
MinimumVisualStudioVersion = 10.0.40219.1
Project("{FAE04EC0-301F-11D3-BF4B-00C04F79EFBC}") = "SampleApplication", "SampleApplication\SampleApplication.csproj", "{CBBA390F-DD04-4AAE-B82B-C89FB02087A1}"
EndProject
Project("{FAE04EC0-301F-11D3-BF4B-00C04F79EFBC}") = "SampleApplication.Tests", "SampleApplication.Tests\SampleApplication.Tests.csproj", "{1D3AD4AE-F55B-4D4E-A31E-24EA0728063D}"
EndProject
Project("{151D2E53-A2C4-4D7D-83FE-D05416EBD58E}") = "SampleApplication.ResourceGroup", "SampleApplication.ResourceGroup\SampleApplication.ResourceGroup.deployproj", "{C071393D-36E4-4A24-A753-30478090052A}"
EndProject
Project("{FAE04EC0-301F-11D3-BF4B-00C04F79EFBC}") = "SampleApplication.FunctionalTests", "SampleApplication.FunctionalTests\SampleApplication.FunctionalTests.csproj", "{63B8BA05-FCC7-4083-B16B-640FB46E0DA8}"
EndProject
Global
	GlobalSection(SolutionConfigurationPlatforms) = preSolution
		Debug|Any CPU = Debug|Any CPU
		Release|Any CPU = Release|Any CPU
	EndGlobalSection
	GlobalSection(ProjectConfigurationPlatforms) = postSolution
		{CBBA390F-DD04-4AAE-B82B-C89FB02087A1}.Debug|Any CPU.ActiveCfg = Debug|Any CPU
		{CBBA390F-DD04-4AAE-B82B-C89FB02087A1}.Debug|Any CPU.Build.0 = Debug|Any CPU
		{CBBA390F-DD04-4AAE-B82B-C89FB02087A1}.Release|Any CPU.ActiveCfg = Release|Any CPU
		{CBBA390F-DD04-4AAE-B82B-C89FB02087A1}.Release|Any CPU.Build.0 = Release|Any CPU
		{1D3AD4AE-F55B-4D4E-A31E-24EA0728063D}.Debug|Any CPU.ActiveCfg = Debug|Any CPU
		{1D3AD4AE-F55B-4D4E-A31E-24EA0728063D}.Debug|Any CPU.Build.0 = Debug|Any CPU
		{1D3AD4AE-F55B-4D4E-A31E-24EA0728063D}.Release|Any CPU.ActiveCfg = Release|Any CPU
		{1D3AD4AE-F55B-4D4E-A31E-24EA0728063D}.Release|Any CPU.Build.0 = Release|Any CPU
		{C071393D-36E4-4A24-A753-30478090052A}.Debug|Any CPU.ActiveCfg = Debug|Any CPU
		{C071393D-36E4-4A24-A753-30478090052A}.Debug|Any CPU.Build.0 = Debug|Any CPU
		{C071393D-36E4-4A24-A753-30478090052A}.Release|Any CPU.ActiveCfg = Release|Any CPU
		{C071393D-36E4-4A24-A753-30478090052A}.Release|Any CPU.Build.0 = Release|Any CPU
		{63B8BA05-FCC7-4083-B16B-640FB46E0DA8}.Debug|Any CPU.ActiveCfg = Debug|Any CPU
		{63B8BA05-FCC7-4083-B16B-640FB46E0DA8}.Debug|Any CPU.Build.0 = Debug|Any CPU
		{63B8BA05-FCC7-4083-B16B-640FB46E0DA8}.Release|Any CPU.ActiveCfg = Release|Any CPU
		{63B8BA05-FCC7-4083-B16B-640FB46E0DA8}.Release|Any CPU.Build.0 = Release|Any CPU
	EndGlobalSection
	GlobalSection(SolutionProperties) = preSolution
		HideSolutionNode = FALSE
	EndGlobalSection
	GlobalSection(ExtensibilityGlobals) = postSolution
		SolutionGuid = {DA32733D-7290-46D4-83F8-6A67ADEC42B7}
	EndGlobalSection
EndGlobal
